Microsoft Visual Studio Solution File, Format Version 11.00
# Visual Studio 2008

Project("{571BD0E5-B197-7CC2-EB2C-8C77D4FBFC92}") = "JustApp", "Assembly-CSharp.csproj", "{0BFD5A9C-1445-A12D-D4B2-09E15F43ECC1}"
EndProject
Global
	GlobalSection(SolutionConfigurationPlatforms) = preSolution
		Debug|Any CPU = Debug|Any CPU
		Release|Any CPU = Release|Any CPU
	EndGlobalSection
	GlobalSection(ProjectConfigurationPlatforms) = postSolution
		{0BFD5A9C-1445-A12D-D4B2-09E15F43ECC1}.Debug|Any CPU.ActiveCfg = Debug|Any CPU
		{0BFD5A9C-1445-A12D-D4B2-09E15F43ECC1}.Debug|Any CPU.Build.0 = Debug|Any CPU
		{0BFD5A9C-1445-A12D-D4B2-09E15F43ECC1}.Release|Any CPU.ActiveCfg = Release|Any CPU
		{0BFD5A9C-1445-A12D-D4B2-09E15F43ECC1}.Release|Any CPU.Build.0 = Release|Any CPU
	EndGlobalSection
	GlobalSection(SolutionProperties) = preSolution
		HideSolutionNode = FALSE
	EndGlobalSection
	GlobalSection(MonoDevelopProperties) = preSolution
		StartupItem = Assembly-CSharp.csproj
	EndGlobalSection
EndGlobal
